
Microsoft Visual Studio Solution File, Format Version 12.00
# Visual Studio Version 17
VisualStudioVersion = 17.14.36623.8
MinimumVisualStudioVersion = 10.0.40219.1
Project("{FAE04EC0-301F-11D3-BF4B-00C04F79EFBC}") = "BikeRental.Domain", "BikeRental.Domain\BikeRental.Domain.csproj", "{0BB3E4CC-7E9A-4928-B9F8-C3F6544E2A03}"
EndProject
Project("{FAE04EC0-301F-11D3-BF4B-00C04F79EFBC}") = "BikeRental.Tests", "BikeRental.Tests\BikeRental.Tests.csproj", "{B66E4C89-7593-4977-A0E3-9E0E507CFB3E}"
EndProject
Project("{FAE04EC0-301F-11D3-BF4B-00C04F79EFBC}") = "BikeRental.Infrastructure.EfCore", "BikeRental.Infrastructure.EfCore\BikeRental.Infrastructure.EfCore.csproj", "{4C7AFA61-44DA-4326-B2C3-1D4552964390}"
EndProject
Project("{FAE04EC0-301F-11D3-BF4B-00C04F79EFBC}") = "BikeRental.Application.Contracts", "BikeRental.Application.Contracts\BikeRental.Application.Contracts.csproj", "{364F5E48-EEEE-4FA7-8F23-C037C6CAE9C7}"
EndProject
Project("{FAE04EC0-301F-11D3-BF4B-00C04F79EFBC}") = "BikeRental.Application", "BikeRental.Application\BikeRental.Application.csproj", "{DB26E399-A783-4635-8F3B-67465AE09570}"
EndProject
Global
	GlobalSection(SolutionConfigurationPlatforms) = preSolution
		Debug|Any CPU = Debug|Any CPU
		Release|Any CPU = Release|Any CPU
	EndGlobalSection
	GlobalSection(ProjectConfigurationPlatforms) = postSolution
		{0BB3E4CC-7E9A-4928-B9F8-C3F6544E2A03}.Debug|Any CPU.ActiveCfg = Debug|Any CPU
		{0BB3E4CC-7E9A-4928-B9F8-C3F6544E2A03}.Debug|Any CPU.Build.0 = Debug|Any CPU
		{0BB3E4CC-7E9A-4928-B9F8-C3F6544E2A03}.Release|Any CPU.ActiveCfg = Release|Any CPU
		{0BB3E4CC-7E9A-4928-B9F8-C3F6544E2A03}.Release|Any CPU.Build.0 = Release|Any CPU
		{B66E4C89-7593-4977-A0E3-9E0E507CFB3E}.Debug|Any CPU.ActiveCfg = Debug|Any CPU
		{B66E4C89-7593-4977-A0E3-9E0E507CFB3E}.Debug|Any CPU.Build.0 = Debug|Any CPU
		{B66E4C89-7593-4977-A0E3-9E0E507CFB3E}.Release|Any CPU.ActiveCfg = Release|Any CPU
		{B66E4C89-7593-4977-A0E3-9E0E507CFB3E}.Release|Any CPU.Build.0 = Release|Any CPU
		{4C7AFA61-44DA-4326-B2C3-1D4552964390}.Debug|Any CPU.ActiveCfg = Debug|Any CPU
		{4C7AFA61-44DA-4326-B2C3-1D4552964390}.Debug|Any CPU.Build.0 = Debug|Any CPU
		{4C7AFA61-44DA-4326-B2C3-1D4552964390}.Release|Any CPU.ActiveCfg = Release|Any CPU
		{4C7AFA61-44DA-4326-B2C3-1D4552964390}.Release|Any CPU.Build.0 = Release|Any CPU
		{364F5E48-EEEE-4FA7-8F23-C037C6CAE9C7}.Debug|Any CPU.ActiveCfg = Debug|Any CPU
		{364F5E48-EEEE-4FA7-8F23-C037C6CAE9C7}.Debug|Any CPU.Build.0 = Debug|Any CPU
		{364F5E48-EEEE-4FA7-8F23-C037C6CAE9C7}.Release|Any CPU.ActiveCfg = Release|Any CPU
		{364F5E48-EEEE-4FA7-8F23-C037C6CAE9C7}.Release|Any CPU.Build.0 = Release|Any CPU
		{DB26E399-A783-4635-8F3B-67465AE09570}.Debug|Any CPU.ActiveCfg = Debug|Any CPU
		{DB26E399-A783-4635-8F3B-67465AE09570}.Debug|Any CPU.Build.0 = Debug|Any CPU
		{DB26E399-A783-4635-8F3B-67465AE09570}.Release|Any CPU.ActiveCfg = Release|Any CPU
		{DB26E399-A783-4635-8F3B-67465AE09570}.Release|Any CPU.Build.0 = Release|Any CPU
	EndGlobalSection
	GlobalSection(SolutionProperties) = preSolution
		HideSolutionNode = FALSE
	EndGlobalSection
	GlobalSection(ExtensibilityGlobals) = postSolution
		SolutionGuid = {555B5E3C-6996-4CF8-B444-97BC7878D100}
	EndGlobalSection
EndGlobal
